
Microsoft Visual Studio Solution File, Format Version 12.00
# Visual Studio Version 16
VisualStudioVersion = 16.0.28803.452
MinimumVisualStudioVersion = 10.0.40219.1
Project("{9A19103F-16F7-4668-BE54-9A1E7A4F7556}") = "ReadJwtTokenDetails", "Services\ReadJwtTokenDetails\ReadJwtTokenDetails.csproj", "{0AE4A19C-45E9-4363-BE92-CE805AF54065}"
EndProject
Project("{9A19103F-16F7-4668-BE54-9A1E7A4F7556}") = "Xtoblizi.HackerRank.Statistics", "Services\Xtoblizi.HackerRank.Statistics\Xtoblizi.HackerRank.Statistics.csproj", "{4BAE0E93-4D34-47A1-B3A1-8DDE6352BBC1}"
EndProject
Project("{9A19103F-16F7-4668-BE54-9A1E7A4F7556}") = "TestConsoleApp", "Services\TestConsoleApp\TestConsoleApp.csproj", "{C126FDCC-E395-49AF-8BB6-D653BA197682}"
EndProject
Project("{9A19103F-16F7-4668-BE54-9A1E7A4F7556}") = "NUnitTestProject1", "Test\NUnitTestProject1\NUnitTestProject1.csproj", "{30BA82DB-F7BD-45B2-A90D-29E62D3206C0}"
EndProject
Project("{2150E333-8FDC-42A3-9474-1A3956D46DE8}") = "TestProject", "TestProject", "{52844D08-6692-4893-B048-CC586A749A05}"
EndProject
Project("{2150E333-8FDC-42A3-9474-1A3956D46DE8}") = "Liskov Substitution Principle", "Liskov Substitution Principle", "{A3EAB321-A927-4701-B9EC-BC045FBFF689}"
EndProject
Project("{9A19103F-16F7-4668-BE54-9A1E7A4F7556}") = "LiskovSubstitutionPrinciple", "Services\LiskovSubstitutionPrinciple\LiskovSubstitutionPrinciple.csproj", "{78DB9E5E-C96C-4A17-ADB0-4E6A3176333C}"
EndProject
Project("{2150E333-8FDC-42A3-9474-1A3956D46DE8}") = "LeetCode Programming Tests", "LeetCode Programming Tests", "{65B5150A-8A13-439A-BA82-9DC203699C65}"
EndProject
Project("{9A19103F-16F7-4668-BE54-9A1E7A4F7556}") = "LeetCode.Programming.Array", "Services\LeetCode.ProgrammingTestsAndSolutions\LeetCode.Programming.Array.csproj", "{CCA613B6-470B-4F9D-9D83-558D0BBCB849}"
EndProject
Project("{2150E333-8FDC-42A3-9474-1A3956D46DE8}") = "HackerRank TestandSolutions", "HackerRank TestandSolutions", "{2582FE52-0EC3-4BCA-84A1-4556A3FAFDAA}"
EndProject
Project("{2150E333-8FDC-42A3-9474-1A3956D46DE8}") = "Interview_App", "Interview_App", "{889ED7E5-7903-43B8-863B-CE5BE62CA043}"
EndProject
Project("{9A19103F-16F7-4668-BE54-9A1E7A4F7556}") = "InterviewTesterApp", "..\InterviewTesterApp\InterviewTesterApp\InterviewTesterApp.csproj", "{577E6FF2-E6ED-4312-9B50-E2C388F7D8A1}"
EndProject
Project("{2150E333-8FDC-42A3-9474-1A3956D46DE8}") = "CoderByte Tests", "CoderByte Tests", "{BA537439-2744-48B4-934F-C6E0D98A7ABA}"
EndProject
Project("{9A19103F-16F7-4668-BE54-9A1E7A4F7556}") = "CoderByte.Test", "CoderByte.Test\CoderByte.Test.csproj", "{93E698CE-564A-46E9-AB48-3F5881916C11}"
EndProject
Project("{2150E333-8FDC-42A3-9474-1A3956D46DE8}") = "Csharp Corner Learns", "Csharp Corner Learns", "{711D72DA-0BAB-41A2-A1A1-A2EDE27F791C}"
EndProject
Project("{9A19103F-16F7-4668-BE54-9A1E7A4F7556}") = "Parallel_Programming", "Charp Corner Learns\Parallel_Programming\Parallel_Programming.csproj", "{A214F966-FDCF-4AC5-BFF2-0CF8A4AC31B6}"
EndProject
Project("{2150E333-8FDC-42A3-9474-1A3956D46DE8}") = "Time Zone and Localtime Practice", "Time Zone and Localtime Practice", "{CE3CE49B-AF9E-42B5-A0F4-4042DEED6CC0}"
EndProject
Project("{9A19103F-16F7-4668-BE54-9A1E7A4F7556}") = "TimeZoneAndLocalTimePractice", "TimeZoneAndLocalTimePractice\TimeZoneAndLocalTimePractice.csproj", "{6F2B6215-2D82-45FC-B314-E11B7F814F08}"
EndProject
Project("{9A19103F-16F7-4668-BE54-9A1E7A4F7556}") = "AspNetMVC WebApplication", "AspNetMVC WebApplication\AspNetMVC WebApplication.csproj", "{E04D50D0-1474-4A1F-8DF8-4F213508CC41}"
EndProject
Project("{2150E333-8FDC-42A3-9474-1A3956D46DE8}") = "LINQ", "LINQ", "{54F6279B-30D3-4A84-A86C-817F10F35A90}"
EndProject
Project("{9A19103F-16F7-4668-BE54-9A1E7A4F7556}") = "Learning LINQ", "Learning LINQ\Learning LINQ.csproj", "{A78FE8F1-794E-40B0-A915-C5C4237168D4}"
EndProject
Project("{2150E333-8FDC-42A3-9474-1A3956D46DE8}") = "Message Brokering", "Message Brokering", "{15356E6E-2170-483D-9366-B5D5E85AA19E}"
EndProject
Project("{FAE04EC0-301F-11D3-BF4B-00C04F79EFBC}") = "PublisherWebApp", "Messagings\PublisherWebApp\PublisherWebApp.csproj", "{EEAB9EA9-E146-426F-A5B1-444CA26CF38C}"
EndProject
Project("{9A19103F-16F7-4668-BE54-9A1E7A4F7556}") = "SubscriberWebApp", "Messagings\SubscriberWebApp\SubscriberWebApp.csproj", "{28D7603C-5DB6-439A-AB30-BF89BBC0E31B}"
EndProject
Project("{FAE04EC0-301F-11D3-BF4B-00C04F79EFBC}") = "BrokerMessagesModel.Lib", "Messagings\BrokerMessagesModel.Lib\BrokerMessagesModel.Lib.csproj", "{87ADD656-46DE-4114-A55C-0B517B4CA1B8}"
EndProject
Project("{2150E333-8FDC-42A3-9474-1A3956D46DE8}") = "Publisher", "Publisher", "{DDF5805D-87D2-4A9C-8F65-4E3A290A483C}"
EndProject
Project("{2150E333-8FDC-42A3-9474-1A3956D46DE8}") = "Subscriber", "Subscriber", "{566C902A-33EE-42B4-96E5-B6E390A0D4BE}"
EndProject
Global
	GlobalSection(SolutionConfigurationPlatforms) = preSolution
		Debug|Any CPU = Debug|Any CPU
		Release|Any CPU = Release|Any CPU
	EndGlobalSection
	GlobalSection(ProjectConfigurationPlatforms) = postSolution
		{0AE4A19C-45E9-4363-BE92-CE805AF54065}.Debug|Any CPU.ActiveCfg = Debug|Any CPU
		{0AE4A19C-45E9-4363-BE92-CE805AF54065}.Debug|Any CPU.Build.0 = Debug|Any CPU
		{0AE4A19C-45E9-4363-BE92-CE805AF54065}.Release|Any CPU.ActiveCfg = Release|Any CPU
		{0AE4A19C-45E9-4363-BE92-CE805AF54065}.Release|Any CPU.Build.0 = Release|Any CPU
		{4BAE0E93-4D34-47A1-B3A1-8DDE6352BBC1}.Debug|Any CPU.ActiveCfg = Debug|Any CPU
		{4BAE0E93-4D34-47A1-B3A1-8DDE6352BBC1}.Debug|Any CPU.Build.0 = Debug|Any CPU
		{4BAE0E93-4D34-47A1-B3A1-8DDE6352BBC1}.Release|Any CPU.ActiveCfg = Release|Any CPU
		{4BAE0E93-4D34-47A1-B3A1-8DDE6352BBC1}.Release|Any CPU.Build.0 = Release|Any CPU
		{C126FDCC-E395-49AF-8BB6-D653BA197682}.Debug|Any CPU.ActiveCfg = Debug|Any CPU
		{C126FDCC-E395-49AF-8BB6-D653BA197682}.Debug|Any CPU.Build.0 = Debug|Any CPU
		{C126FDCC-E395-49AF-8BB6-D653BA197682}.Release|Any CPU.ActiveCfg = Release|Any CPU
		{C126FDCC-E395-49AF-8BB6-D653BA197682}.Release|Any CPU.Build.0 = Release|Any CPU
		{30BA82DB-F7BD-45B2-A90D-29E62D3206C0}.Debug|Any CPU.ActiveCfg = Debug|Any CPU
		{30BA82DB-F7BD-45B2-A90D-29E62D3206C0}.Debug|Any CPU.Build.0 = Debug|Any CPU
		{30BA82DB-F7BD-45B2-A90D-29E62D3206C0}.Release|Any CPU.ActiveCfg = Release|Any CPU
		{30BA82DB-F7BD-45B2-A90D-29E62D3206C0}.Release|Any CPU.Build.0 = Release|Any CPU
		{78DB9E5E-C96C-4A17-ADB0-4E6A3176333C}.Debug|Any CPU.ActiveCfg = Debug|Any CPU
		{78DB9E5E-C96C-4A17-ADB0-4E6A3176333C}.Debug|Any CPU.Build.0 = Debug|Any CPU
		{78DB9E5E-C96C-4A17-ADB0-4E6A3176333C}.Release|Any CPU.ActiveCfg = Release|Any CPU
		{78DB9E5E-C96C-4A17-ADB0-4E6A3176333C}.Release|Any CPU.Build.0 = Release|Any CPU
		{CCA613B6-470B-4F9D-9D83-558D0BBCB849}.Debug|Any CPU.ActiveCfg = Debug|Any CPU
		{CCA613B6-470B-4F9D-9D83-558D0BBCB849}.Debug|Any CPU.Build.0 = Debug|Any CPU
		{CCA613B6-470B-4F9D-9D83-558D0BBCB849}.Release|Any CPU.ActiveCfg = Release|Any CPU
		{CCA613B6-470B-4F9D-9D83-558D0BBCB849}.Release|Any CPU.Build.0 = Release|Any CPU
		{577E6FF2-E6ED-4312-9B50-E2C388F7D8A1}.Debug|Any CPU.ActiveCfg = Debug|Any CPU
		{577E6FF2-E6ED-4312-9B50-E2C388F7D8A1}.Debug|Any CPU.Build.0 = Debug|Any CPU
		{577E6FF2-E6ED-4312-9B50-E2C388F7D8A1}.Release|Any CPU.ActiveCfg = Release|Any CPU
		{577E6FF2-E6ED-4312-9B50-E2C388F7D8A1}.Release|Any CPU.Build.0 = Release|Any CPU
		{93E698CE-564A-46E9-AB48-3F5881916C11}.Debug|Any CPU.ActiveCfg = Debug|Any CPU
		{93E698CE-564A-46E9-AB48-3F5881916C11}.Debug|Any CPU.Build.0 = Debug|Any CPU
		{93E698CE-564A-46E9-AB48-3F5881916C11}.Release|Any CPU.ActiveCfg = Release|Any CPU
		{93E698CE-564A-46E9-AB48-3F5881916C11}.Release|Any CPU.Build.0 = Release|Any CPU
		{A214F966-FDCF-4AC5-BFF2-0CF8A4AC31B6}.Debug|Any CPU.ActiveCfg = Debug|Any CPU
		{A214F966-FDCF-4AC5-BFF2-0CF8A4AC31B6}.Debug|Any CPU.Build.0 = Debug|Any CPU
		{A214F966-FDCF-4AC5-BFF2-0CF8A4AC31B6}.Release|Any CPU.ActiveCfg = Release|Any CPU
		{A214F966-FDCF-4AC5-BFF2-0CF8A4AC31B6}.Release|Any CPU.Build.0 = Release|Any CPU
		{6F2B6215-2D82-45FC-B314-E11B7F814F08}.Debug|Any CPU.ActiveCfg = Debug|Any CPU
		{6F2B6215-2D82-45FC-B314-E11B7F814F08}.Debug|Any CPU.Build.0 = Debug|Any CPU
		{6F2B6215-2D82-45FC-B314-E11B7F814F08}.Release|Any CPU.ActiveCfg = Release|Any CPU
		{6F2B6215-2D82-45FC-B314-E11B7F814F08}.Release|Any CPU.Build.0 = Release|Any CPU
		{E04D50D0-1474-4A1F-8DF8-4F213508CC41}.Debug|Any CPU.ActiveCfg = Debug|Any CPU
		{E04D50D0-1474-4A1F-8DF8-4F213508CC41}.Debug|Any CPU.Build.0 = Debug|Any CPU
		{E04D50D0-1474-4A1F-8DF8-4F213508CC41}.Release|Any CPU.ActiveCfg = Release|Any CPU
		{E04D50D0-1474-4A1F-8DF8-4F213508CC41}.Release|Any CPU.Build.0 = Release|Any CPU
		{A78FE8F1-794E-40B0-A915-C5C4237168D4}.Debug|Any CPU.ActiveCfg = Debug|Any CPU
		{A78FE8F1-794E-40B0-A915-C5C4237168D4}.Debug|Any CPU.Build.0 = Debug|Any CPU
		{A78FE8F1-794E-40B0-A915-C5C4237168D4}.Release|Any CPU.ActiveCfg = Release|Any CPU
		{A78FE8F1-794E-40B0-A915-C5C4237168D4}.Release|Any CPU.Build.0 = Release|Any CPU
		{EEAB9EA9-E146-426F-A5B1-444CA26CF38C}.Debug|Any CPU.ActiveCfg = Debug|Any CPU
		{EEAB9EA9-E146-426F-A5B1-444CA26CF38C}.Debug|Any CPU.Build.0 = Debug|Any CPU
		{EEAB9EA9-E146-426F-A5B1-444CA26CF38C}.Release|Any CPU.ActiveCfg = Release|Any CPU
		{EEAB9EA9-E146-426F-A5B1-444CA26CF38C}.Release|Any CPU.Build.0 = Release|Any CPU
		{28D7603C-5DB6-439A-AB30-BF89BBC0E31B}.Debug|Any CPU.ActiveCfg = Debug|Any CPU
		{28D7603C-5DB6-439A-AB30-BF89BBC0E31B}.Debug|Any CPU.Build.0 = Debug|Any CPU
		{28D7603C-5DB6-439A-AB30-BF89BBC0E31B}.Release|Any CPU.ActiveCfg = Release|Any CPU
		{28D7603C-5DB6-439A-AB30-BF89BBC0E31B}.Release|Any CPU.Build.0 = Release|Any CPU
		{87ADD656-46DE-4114-A55C-0B517B4CA1B8}.Debug|Any CPU.ActiveCfg = Debug|Any CPU
		{87ADD656-46DE-4114-A55C-0B517B4CA1B8}.Debug|Any CPU.Build.0 = Debug|Any CPU
		{87ADD656-46DE-4114-A55C-0B517B4CA1B8}.Release|Any CPU.ActiveCfg = Release|Any CPU
		{87ADD656-46DE-4114-A55C-0B517B4CA1B8}.Release|Any CPU.Build.0 = Release|Any CPU
	EndGlobalSection
	GlobalSection(SolutionProperties) = preSolution
		HideSolutionNode = FALSE
	EndGlobalSection
	GlobalSection(NestedProjects) = preSolution
		{4BAE0E93-4D34-47A1-B3A1-8DDE6352BBC1} = {2582FE52-0EC3-4BCA-84A1-4556A3FAFDAA}
		{30BA82DB-F7BD-45B2-A90D-29E62D3206C0} = {52844D08-6692-4893-B048-CC586A749A05}
		{78DB9E5E-C96C-4A17-ADB0-4E6A3176333C} = {A3EAB321-A927-4701-B9EC-BC045FBFF689}
		{CCA613B6-470B-4F9D-9D83-558D0BBCB849} = {65B5150A-8A13-439A-BA82-9DC203699C65}
		{577E6FF2-E6ED-4312-9B50-E2C388F7D8A1} = {889ED7E5-7903-43B8-863B-CE5BE62CA043}
		{93E698CE-564A-46E9-AB48-3F5881916C11} = {BA537439-2744-48B4-934F-C6E0D98A7ABA}
		{A214F966-FDCF-4AC5-BFF2-0CF8A4AC31B6} = {711D72DA-0BAB-41A2-A1A1-A2EDE27F791C}
		{6F2B6215-2D82-45FC-B314-E11B7F814F08} = {CE3CE49B-AF9E-42B5-A0F4-4042DEED6CC0}
		{A78FE8F1-794E-40B0-A915-C5C4237168D4} = {54F6279B-30D3-4A84-A86C-817F10F35A90}
		{EEAB9EA9-E146-426F-A5B1-444CA26CF38C} = {DDF5805D-87D2-4A9C-8F65-4E3A290A483C}
		{28D7603C-5DB6-439A-AB30-BF89BBC0E31B} = {566C902A-33EE-42B4-96E5-B6E390A0D4BE}
		{87ADD656-46DE-4114-A55C-0B517B4CA1B8} = {15356E6E-2170-483D-9366-B5D5E85AA19E}
		{DDF5805D-87D2-4A9C-8F65-4E3A290A483C} = {15356E6E-2170-483D-9366-B5D5E85AA19E}
		{566C902A-33EE-42B4-96E5-B6E390A0D4BE} = {15356E6E-2170-483D-9366-B5D5E85AA19E}
	EndGlobalSection
	GlobalSection(ExtensibilityGlobals) = postSolution
		SolutionGuid = {F74A0778-47E4-4B48-9A53-BF4AE79272A4}
	EndGlobalSection
EndGlobal
